
Microsoft Visual Studio Solution File, Format Version 12.00
# Visual Studio Version 16
VisualStudioVersion = 16.0.30503.244
MinimumVisualStudioVersion = 10.0.40219.1
Project("{FAE04EC0-301F-11D3-BF4B-00C04F79EFBC}") = "1.Furniture", "1.Furniture\1.Furniture.csproj", "{C279FB23-B154-47E6-985D-EDEC12A4C4ED}"
EndProject
Project("{FAE04EC0-301F-11D3-BF4B-00C04F79EFBC}") = "2.Race", "2.Race\2.Race.csproj", "{990AFEBA-22A6-4566-ADCF-E20B77CAEFAC}"
EndProject
Project("{FAE04EC0-301F-11D3-BF4B-00C04F79EFBC}") = "3.SoftUniBarIncome", "3.SoftUniBarIncome\3.SoftUniBarIncome.csproj", "{B20F74DB-BD7E-4276-AB85-9811F06C6956}"
EndProject
Project("{FAE04EC0-301F-11D3-BF4B-00C04F79EFBC}") = "4.StarEnigma", "4.StarEnigma\4.StarEnigma.csproj", "{0B72562F-A362-43B5-B743-833C1A704C6A}"
EndProject
Global
	GlobalSection(SolutionConfigurationPlatforms) = preSolution
		Debug|Any CPU = Debug|Any CPU
		Release|Any CPU = Release|Any CPU
	EndGlobalSection
	GlobalSection(ProjectConfigurationPlatforms) = postSolution
		{C279FB23-B154-47E6-985D-EDEC12A4C4ED}.Debug|Any CPU.ActiveCfg = Debug|Any CPU
		{C279FB23-B154-47E6-985D-EDEC12A4C4ED}.Debug|Any CPU.Build.0 = Debug|Any CPU
		{C279FB23-B154-47E6-985D-EDEC12A4C4ED}.Release|Any CPU.ActiveCfg = Release|Any CPU
		{C279FB23-B154-47E6-985D-EDEC12A4C4ED}.Release|Any CPU.Build.0 = Release|Any CPU
		{990AFEBA-22A6-4566-ADCF-E20B77CAEFAC}.Debug|Any CPU.ActiveCfg = Debug|Any CPU
		{990AFEBA-22A6-4566-ADCF-E20B77CAEFAC}.Debug|Any CPU.Build.0 = Debug|Any CPU
		{990AFEBA-22A6-4566-ADCF-E20B77CAEFAC}.Release|Any CPU.ActiveCfg = Release|Any CPU
		{990AFEBA-22A6-4566-ADCF-E20B77CAEFAC}.Release|Any CPU.Build.0 = Release|Any CPU
		{B20F74DB-BD7E-4276-AB85-9811F06C6956}.Debug|Any CPU.ActiveCfg = Debug|Any CPU
		{B20F74DB-BD7E-4276-AB85-9811F06C6956}.Debug|Any CPU.Build.0 = Debug|Any CPU
		{B20F74DB-BD7E-4276-AB85-9811F06C6956}.Release|Any CPU.ActiveCfg = Release|Any CPU
		{B20F74DB-BD7E-4276-AB85-9811F06C6956}.Release|Any CPU.Build.0 = Release|Any CPU
		{0B72562F-A362-43B5-B743-833C1A704C6A}.Debug|Any CPU.ActiveCfg = Debug|Any CPU
		{0B72562F-A362-43B5-B743-833C1A704C6A}.Debug|Any CPU.Build.0 = Debug|Any CPU
		{0B72562F-A362-43B5-B743-833C1A704C6A}.Release|Any CPU.ActiveCfg = Release|Any CPU
		{0B72562F-A362-43B5-B743-833C1A704C6A}.Release|Any CPU.Build.0 = Release|Any CPU
	EndGlobalSection
	GlobalSection(SolutionProperties) = preSolution
		HideSolutionNode = FALSE
	EndGlobalSection
	GlobalSection(ExtensibilityGlobals) = postSolution
		SolutionGuid = {2207492D-3B22-4507-8F9C-0138F7F305BF}
	EndGlobalSection
EndGlobal
