
Microsoft Visual Studio Solution File, Format Version 12.00
# Visual Studio Version 16
VisualStudioVersion = 16.0.30503.244
MinimumVisualStudioVersion = 10.0.40219.1
Project("{FAE04EC0-301F-11D3-BF4B-00C04F79EFBC}") = "1.SoftUniReception", "1.SoftUniReception\1.SoftUniReception.csproj", "{8D812169-9AA0-47A2-9F03-6CBE5FFCF7ED}"
EndProject
Project("{FAE04EC0-301F-11D3-BF4B-00C04F79EFBC}") = "2.ArrayModifier", "2.ArrayModifier\2.ArrayModifier.csproj", "{F478E19F-E822-431C-8CBA-9C0AD6C135F9}"
EndProject
Project("{FAE04EC0-301F-11D3-BF4B-00C04F79EFBC}") = "3.Numbers", "3.Numbers\3.Numbers.csproj", "{1329C5B3-A93D-4953-AD9C-FB253D399CCF}"
EndProject
Global
	GlobalSection(SolutionConfigurationPlatforms) = preSolution
		Debug|Any CPU = Debug|Any CPU
		Release|Any CPU = Release|Any CPU
	EndGlobalSection
	GlobalSection(ProjectConfigurationPlatforms) = postSolution
		{8D812169-9AA0-47A2-9F03-6CBE5FFCF7ED}.Debug|Any CPU.ActiveCfg = Debug|Any CPU
		{8D812169-9AA0-47A2-9F03-6CBE5FFCF7ED}.Debug|Any CPU.Build.0 = Debug|Any CPU
		{8D812169-9AA0-47A2-9F03-6CBE5FFCF7ED}.Release|Any CPU.ActiveCfg = Release|Any CPU
		{8D812169-9AA0-47A2-9F03-6CBE5FFCF7ED}.Release|Any CPU.Build.0 = Release|Any CPU
		{F478E19F-E822-431C-8CBA-9C0AD6C135F9}.Debug|Any CPU.ActiveCfg = Debug|Any CPU
		{F478E19F-E822-431C-8CBA-9C0AD6C135F9}.Debug|Any CPU.Build.0 = Debug|Any CPU
		{F478E19F-E822-431C-8CBA-9C0AD6C135F9}.Release|Any CPU.ActiveCfg = Release|Any CPU
		{F478E19F-E822-431C-8CBA-9C0AD6C135F9}.Release|Any CPU.Build.0 = Release|Any CPU
		{1329C5B3-A93D-4953-AD9C-FB253D399CCF}.Debug|Any CPU.ActiveCfg = Debug|Any CPU
		{1329C5B3-A93D-4953-AD9C-FB253D399CCF}.Debug|Any CPU.Build.0 = Debug|Any CPU
		{1329C5B3-A93D-4953-AD9C-FB253D399CCF}.Release|Any CPU.ActiveCfg = Release|Any CPU
		{1329C5B3-A93D-4953-AD9C-FB253D399CCF}.Release|Any CPU.Build.0 = Release|Any CPU
	EndGlobalSection
	GlobalSection(SolutionProperties) = preSolution
		HideSolutionNode = FALSE
	EndGlobalSection
	GlobalSection(ExtensibilityGlobals) = postSolution
		SolutionGuid = {C7FD9074-2E43-4015-9924-7CB62B79A473}
	EndGlobalSection
EndGlobal
