
Microsoft Visual Studio Solution File, Format Version 12.00
# Visual Studio Version 16
VisualStudioVersion = 16.0.30503.244
MinimumVisualStudioVersion = 10.0.40219.1
Project("{FAE04EC0-301F-11D3-BF4B-00C04F79EFBC}") = "MidExam6Aug19", "MidExam6Aug19\MidExam6Aug19.csproj", "{EAC1D6DF-DE7F-4D5F-AE8B-198DBA8A36F2}"
EndProject
Project("{FAE04EC0-301F-11D3-BF4B-00C04F79EFBC}") = "2.TreasureHunt", "2.TreasureHunt\2.TreasureHunt.csproj", "{BEF3A922-EE94-4841-B52E-4978F08ADFCF}"
EndProject
Global
	GlobalSection(SolutionConfigurationPlatforms) = preSolution
		Debug|Any CPU = Debug|Any CPU
		Release|Any CPU = Release|Any CPU
	EndGlobalSection
	GlobalSection(ProjectConfigurationPlatforms) = postSolution
		{EAC1D6DF-DE7F-4D5F-AE8B-198DBA8A36F2}.Debug|Any CPU.ActiveCfg = Debug|Any CPU
		{EAC1D6DF-DE7F-4D5F-AE8B-198DBA8A36F2}.Debug|Any CPU.Build.0 = Debug|Any CPU
		{EAC1D6DF-DE7F-4D5F-AE8B-198DBA8A36F2}.Release|Any CPU.ActiveCfg = Release|Any CPU
		{EAC1D6DF-DE7F-4D5F-AE8B-198DBA8A36F2}.Release|Any CPU.Build.0 = Release|Any CPU
		{BEF3A922-EE94-4841-B52E-4978F08ADFCF}.Debug|Any CPU.ActiveCfg = Debug|Any CPU
		{BEF3A922-EE94-4841-B52E-4978F08ADFCF}.Debug|Any CPU.Build.0 = Debug|Any CPU
		{BEF3A922-EE94-4841-B52E-4978F08ADFCF}.Release|Any CPU.ActiveCfg = Release|Any CPU
		{BEF3A922-EE94-4841-B52E-4978F08ADFCF}.Release|Any CPU.Build.0 = Release|Any CPU
	EndGlobalSection
	GlobalSection(SolutionProperties) = preSolution
		HideSolutionNode = FALSE
	EndGlobalSection
	GlobalSection(ExtensibilityGlobals) = postSolution
		SolutionGuid = {D6D23F8E-3431-491C-81E4-CCFE12CB3E9C}
	EndGlobalSection
EndGlobal
