
Microsoft Visual Studio Solution File, Format Version 12.00
# Visual Studio Version 16
VisualStudioVersion = 16.0.31402.337
MinimumVisualStudioVersion = 10.0.40219.1
Project("{FAE04EC0-301F-11D3-BF4B-00C04F79EFBC}") = "BoxOfT", "BoxOfT\BoxOfT.csproj", "{8C48C2AF-3DD3-4211-8E90-D2E67E724F0C}"
EndProject
Project("{FAE04EC0-301F-11D3-BF4B-00C04F79EFBC}") = "GenericArrayCreator", "GenericArrayCreator\GenericArrayCreator.csproj", "{04C3436D-A2EA-496B-8EEC-A33CFC5F45BC}"
EndProject
Project("{FAE04EC0-301F-11D3-BF4B-00C04F79EFBC}") = "GenericScale", "GenericScale\GenericScale.csproj", "{C8CE9B81-816E-47E4-B4B5-009CB18DA152}"
EndProject
Global
	GlobalSection(SolutionConfigurationPlatforms) = preSolution
		Debug|Any CPU = Debug|Any CPU
		Release|Any CPU = Release|Any CPU
	EndGlobalSection
	GlobalSection(ProjectConfigurationPlatforms) = postSolution
		{8C48C2AF-3DD3-4211-8E90-D2E67E724F0C}.Debug|Any CPU.ActiveCfg = Debug|Any CPU
		{8C48C2AF-3DD3-4211-8E90-D2E67E724F0C}.Debug|Any CPU.Build.0 = Debug|Any CPU
		{8C48C2AF-3DD3-4211-8E90-D2E67E724F0C}.Release|Any CPU.ActiveCfg = Release|Any CPU
		{8C48C2AF-3DD3-4211-8E90-D2E67E724F0C}.Release|Any CPU.Build.0 = Release|Any CPU
		{04C3436D-A2EA-496B-8EEC-A33CFC5F45BC}.Debug|Any CPU.ActiveCfg = Debug|Any CPU
		{04C3436D-A2EA-496B-8EEC-A33CFC5F45BC}.Debug|Any CPU.Build.0 = Debug|Any CPU
		{04C3436D-A2EA-496B-8EEC-A33CFC5F45BC}.Release|Any CPU.ActiveCfg = Release|Any CPU
		{04C3436D-A2EA-496B-8EEC-A33CFC5F45BC}.Release|Any CPU.Build.0 = Release|Any CPU
		{C8CE9B81-816E-47E4-B4B5-009CB18DA152}.Debug|Any CPU.ActiveCfg = Debug|Any CPU
		{C8CE9B81-816E-47E4-B4B5-009CB18DA152}.Debug|Any CPU.Build.0 = Debug|Any CPU
		{C8CE9B81-816E-47E4-B4B5-009CB18DA152}.Release|Any CPU.ActiveCfg = Release|Any CPU
		{C8CE9B81-816E-47E4-B4B5-009CB18DA152}.Release|Any CPU.Build.0 = Release|Any CPU
	EndGlobalSection
	GlobalSection(SolutionProperties) = preSolution
		HideSolutionNode = FALSE
	EndGlobalSection
	GlobalSection(ExtensibilityGlobals) = postSolution
		SolutionGuid = {BA8A8123-F514-4815-B749-7D7FAC64597A}
	EndGlobalSection
EndGlobal
