
Microsoft Visual Studio Solution File, Format Version 12.00
# Visual Studio Version 17
VisualStudioVersion = 17.3.32929.385
MinimumVisualStudioVersion = 10.0.40219.1
Project("{9A19103F-16F7-4668-BE54-9A1E7A4F7556}") = "MVC-Demo", "MVC-Demo\MVC-Demo.csproj", "{1976C5E1-02EA-4E10-9D3C-76EC81824F12}"
EndProject
Project("{9A19103F-16F7-4668-BE54-9A1E7A4F7556}") = "ChatApp", "ChatApp\ChatApp.csproj", "{FC6BAA3D-2CAC-4220-9DDA-A8C9C4F1A68F}"
EndProject
Project("{FAE04EC0-301F-11D3-BF4B-00C04F79EFBC}") = "TextSplitterApp", "TextSplitterApp\TextSplitterApp.csproj", "{118DEEE7-5ECF-4C0D-B817-0CBBE7A12E3A}"
EndProject
Global
	GlobalSection(SolutionConfigurationPlatforms) = preSolution
		Debug|Any CPU = Debug|Any CPU
		Release|Any CPU = Release|Any CPU
	EndGlobalSection
	GlobalSection(ProjectConfigurationPlatforms) = postSolution
		{1976C5E1-02EA-4E10-9D3C-76EC81824F12}.Debug|Any CPU.ActiveCfg = Debug|Any CPU
		{1976C5E1-02EA-4E10-9D3C-76EC81824F12}.Debug|Any CPU.Build.0 = Debug|Any CPU
		{1976C5E1-02EA-4E10-9D3C-76EC81824F12}.Release|Any CPU.ActiveCfg = Release|Any CPU
		{1976C5E1-02EA-4E10-9D3C-76EC81824F12}.Release|Any CPU.Build.0 = Release|Any CPU
		{FC6BAA3D-2CAC-4220-9DDA-A8C9C4F1A68F}.Debug|Any CPU.ActiveCfg = Debug|Any CPU
		{FC6BAA3D-2CAC-4220-9DDA-A8C9C4F1A68F}.Debug|Any CPU.Build.0 = Debug|Any CPU
		{FC6BAA3D-2CAC-4220-9DDA-A8C9C4F1A68F}.Release|Any CPU.ActiveCfg = Release|Any CPU
		{FC6BAA3D-2CAC-4220-9DDA-A8C9C4F1A68F}.Release|Any CPU.Build.0 = Release|Any CPU
		{118DEEE7-5ECF-4C0D-B817-0CBBE7A12E3A}.Debug|Any CPU.ActiveCfg = Debug|Any CPU
		{118DEEE7-5ECF-4C0D-B817-0CBBE7A12E3A}.Debug|Any CPU.Build.0 = Debug|Any CPU
		{118DEEE7-5ECF-4C0D-B817-0CBBE7A12E3A}.Release|Any CPU.ActiveCfg = Release|Any CPU
		{118DEEE7-5ECF-4C0D-B817-0CBBE7A12E3A}.Release|Any CPU.Build.0 = Release|Any CPU
	EndGlobalSection
	GlobalSection(SolutionProperties) = preSolution
		HideSolutionNode = FALSE
	EndGlobalSection
	GlobalSection(ExtensibilityGlobals) = postSolution
		SolutionGuid = {99CF2003-7531-40D2-A141-64E154C00118}
	EndGlobalSection
EndGlobal
