
Microsoft Visual Studio Solution File, Format Version 12.00
# Visual Studio Version 16
VisualStudioVersion = 16.0.30503.244
MinimumVisualStudioVersion = 10.0.40219.1
Project("{FAE04EC0-301F-11D3-BF4B-00C04F79EFBC}") = "1.ExtractPersonInfo", "1.ExtractPersonInfo\1.ExtractPersonInfo.csproj", "{83598EF9-9388-4F52-B8BB-0BA9377A4205}"
EndProject
Project("{FAE04EC0-301F-11D3-BF4B-00C04F79EFBC}") = "2.AsciiSumator", "2.AsciiSumator\2.AsciiSumator.csproj", "{BA27FD91-7995-4069-94AE-BF7B3E3DCE18}"
EndProject
Project("{FAE04EC0-301F-11D3-BF4B-00C04F79EFBC}") = "3.TreasureFinder", "3.TreasureFinder\3.TreasureFinder.csproj", "{F6808AA8-A98B-4B5B-8CE7-E8DD611BB76A}"
EndProject
Global
	GlobalSection(SolutionConfigurationPlatforms) = preSolution
		Debug|Any CPU = Debug|Any CPU
		Release|Any CPU = Release|Any CPU
	EndGlobalSection
	GlobalSection(ProjectConfigurationPlatforms) = postSolution
		{83598EF9-9388-4F52-B8BB-0BA9377A4205}.Debug|Any CPU.ActiveCfg = Debug|Any CPU
		{83598EF9-9388-4F52-B8BB-0BA9377A4205}.Debug|Any CPU.Build.0 = Debug|Any CPU
		{83598EF9-9388-4F52-B8BB-0BA9377A4205}.Release|Any CPU.ActiveCfg = Release|Any CPU
		{83598EF9-9388-4F52-B8BB-0BA9377A4205}.Release|Any CPU.Build.0 = Release|Any CPU
		{BA27FD91-7995-4069-94AE-BF7B3E3DCE18}.Debug|Any CPU.ActiveCfg = Debug|Any CPU
		{BA27FD91-7995-4069-94AE-BF7B3E3DCE18}.Debug|Any CPU.Build.0 = Debug|Any CPU
		{BA27FD91-7995-4069-94AE-BF7B3E3DCE18}.Release|Any CPU.ActiveCfg = Release|Any CPU
		{BA27FD91-7995-4069-94AE-BF7B3E3DCE18}.Release|Any CPU.Build.0 = Release|Any CPU
		{F6808AA8-A98B-4B5B-8CE7-E8DD611BB76A}.Debug|Any CPU.ActiveCfg = Debug|Any CPU
		{F6808AA8-A98B-4B5B-8CE7-E8DD611BB76A}.Debug|Any CPU.Build.0 = Debug|Any CPU
		{F6808AA8-A98B-4B5B-8CE7-E8DD611BB76A}.Release|Any CPU.ActiveCfg = Release|Any CPU
		{F6808AA8-A98B-4B5B-8CE7-E8DD611BB76A}.Release|Any CPU.Build.0 = Release|Any CPU
	EndGlobalSection
	GlobalSection(SolutionProperties) = preSolution
		HideSolutionNode = FALSE
	EndGlobalSection
	GlobalSection(ExtensibilityGlobals) = postSolution
		SolutionGuid = {8987C5D1-C907-4BE6-8F52-2C5C9E0EB324}
	EndGlobalSection
EndGlobal
