
Microsoft Visual Studio Solution File, Format Version 12.00
# Visual Studio Version 16
VisualStudioVersion = 16.0.30503.244
MinimumVisualStudioVersion = 10.0.40219.1
Project("{FAE04EC0-301F-11D3-BF4B-00C04F79EFBC}") = "Lists.Exercise", "Lists.Exercise\Lists.Exercise.csproj", "{0005DCD6-52E6-4FF2-91E6-E7A99246CCC8}"
EndProject
Project("{FAE04EC0-301F-11D3-BF4B-00C04F79EFBC}") = "01.Train", "01.Train\01.Train.csproj", "{2809298E-B603-4B1A-8470-A12CC00C188E}"
EndProject
Project("{FAE04EC0-301F-11D3-BF4B-00C04F79EFBC}") = "02.ChangeList", "02.ChangeList\02.ChangeList.csproj", "{BE2EC7F4-E859-4A64-815B-E8FFD257BB4A}"
EndProject
Global
	GlobalSection(SolutionConfigurationPlatforms) = preSolution
		Debug|Any CPU = Debug|Any CPU
		Release|Any CPU = Release|Any CPU
	EndGlobalSection
	GlobalSection(ProjectConfigurationPlatforms) = postSolution
		{0005DCD6-52E6-4FF2-91E6-E7A99246CCC8}.Debug|Any CPU.ActiveCfg = Debug|Any CPU
		{0005DCD6-52E6-4FF2-91E6-E7A99246CCC8}.Debug|Any CPU.Build.0 = Debug|Any CPU
		{0005DCD6-52E6-4FF2-91E6-E7A99246CCC8}.Release|Any CPU.ActiveCfg = Release|Any CPU
		{0005DCD6-52E6-4FF2-91E6-E7A99246CCC8}.Release|Any CPU.Build.0 = Release|Any CPU
		{2809298E-B603-4B1A-8470-A12CC00C188E}.Debug|Any CPU.ActiveCfg = Debug|Any CPU
		{2809298E-B603-4B1A-8470-A12CC00C188E}.Debug|Any CPU.Build.0 = Debug|Any CPU
		{2809298E-B603-4B1A-8470-A12CC00C188E}.Release|Any CPU.ActiveCfg = Release|Any CPU
		{2809298E-B603-4B1A-8470-A12CC00C188E}.Release|Any CPU.Build.0 = Release|Any CPU
		{BE2EC7F4-E859-4A64-815B-E8FFD257BB4A}.Debug|Any CPU.ActiveCfg = Debug|Any CPU
		{BE2EC7F4-E859-4A64-815B-E8FFD257BB4A}.Debug|Any CPU.Build.0 = Debug|Any CPU
		{BE2EC7F4-E859-4A64-815B-E8FFD257BB4A}.Release|Any CPU.ActiveCfg = Release|Any CPU
		{BE2EC7F4-E859-4A64-815B-E8FFD257BB4A}.Release|Any CPU.Build.0 = Release|Any CPU
	EndGlobalSection
	GlobalSection(SolutionProperties) = preSolution
		HideSolutionNode = FALSE
	EndGlobalSection
	GlobalSection(ExtensibilityGlobals) = postSolution
		SolutionGuid = {2EC22235-8ED4-4440-BF5C-3D190663A17F}
	EndGlobalSection
EndGlobal
