
Microsoft Visual Studio Solution File, Format Version 12.00
# Visual Studio Version 16
VisualStudioVersion = 16.0.31402.337
MinimumVisualStudioVersion = 10.0.40219.1
Project("{FAE04EC0-301F-11D3-BF4B-00C04F79EFBC}") = "01.SortPersonsByNameAndAge", "01.SortPersonsByNameAndAge\01.SortPersonsByNameAndAge.csproj", "{2593619C-DE5F-4754-BB63-B45D2F11E67B}"
EndProject
Project("{FAE04EC0-301F-11D3-BF4B-00C04F79EFBC}") = "02.SalaryIncrease", "PersonsInfo\02.SalaryIncrease.csproj", "{3EDC5788-60BD-4E69-BB1B-515C70B55FBA}"
EndProject
Project("{FAE04EC0-301F-11D3-BF4B-00C04F79EFBC}") = "03.ValidationOfData", "03.ValidationOfData\03.ValidationOfData.csproj", "{9594BCE5-88DA-4542-8BF7-895A7FD6CFF2}"
EndProject
Project("{FAE04EC0-301F-11D3-BF4B-00C04F79EFBC}") = "PersonsInfo", "04.FirstAndReserveTeam\PersonsInfo.csproj", "{060FFD0C-249D-4300-AB0E-DCA4FCA533A4}"
EndProject
Global
	GlobalSection(SolutionConfigurationPlatforms) = preSolution
		Debug|Any CPU = Debug|Any CPU
		Release|Any CPU = Release|Any CPU
	EndGlobalSection
	GlobalSection(ProjectConfigurationPlatforms) = postSolution
		{2593619C-DE5F-4754-BB63-B45D2F11E67B}.Debug|Any CPU.ActiveCfg = Debug|Any CPU
		{2593619C-DE5F-4754-BB63-B45D2F11E67B}.Debug|Any CPU.Build.0 = Debug|Any CPU
		{2593619C-DE5F-4754-BB63-B45D2F11E67B}.Release|Any CPU.ActiveCfg = Release|Any CPU
		{2593619C-DE5F-4754-BB63-B45D2F11E67B}.Release|Any CPU.Build.0 = Release|Any CPU
		{3EDC5788-60BD-4E69-BB1B-515C70B55FBA}.Debug|Any CPU.ActiveCfg = Debug|Any CPU
		{3EDC5788-60BD-4E69-BB1B-515C70B55FBA}.Debug|Any CPU.Build.0 = Debug|Any CPU
		{3EDC5788-60BD-4E69-BB1B-515C70B55FBA}.Release|Any CPU.ActiveCfg = Release|Any CPU
		{3EDC5788-60BD-4E69-BB1B-515C70B55FBA}.Release|Any CPU.Build.0 = Release|Any CPU
		{9594BCE5-88DA-4542-8BF7-895A7FD6CFF2}.Debug|Any CPU.ActiveCfg = Debug|Any CPU
		{9594BCE5-88DA-4542-8BF7-895A7FD6CFF2}.Debug|Any CPU.Build.0 = Debug|Any CPU
		{9594BCE5-88DA-4542-8BF7-895A7FD6CFF2}.Release|Any CPU.ActiveCfg = Release|Any CPU
		{9594BCE5-88DA-4542-8BF7-895A7FD6CFF2}.Release|Any CPU.Build.0 = Release|Any CPU
		{060FFD0C-249D-4300-AB0E-DCA4FCA533A4}.Debug|Any CPU.ActiveCfg = Debug|Any CPU
		{060FFD0C-249D-4300-AB0E-DCA4FCA533A4}.Debug|Any CPU.Build.0 = Debug|Any CPU
		{060FFD0C-249D-4300-AB0E-DCA4FCA533A4}.Release|Any CPU.ActiveCfg = Release|Any CPU
		{060FFD0C-249D-4300-AB0E-DCA4FCA533A4}.Release|Any CPU.Build.0 = Release|Any CPU
	EndGlobalSection
	GlobalSection(SolutionProperties) = preSolution
		HideSolutionNode = FALSE
	EndGlobalSection
	GlobalSection(ExtensibilityGlobals) = postSolution
		SolutionGuid = {8315D068-85F4-4CDE-8E8C-60CF3A28BEF2}
	EndGlobalSection
EndGlobal
