
Microsoft Visual Studio Solution File, Format Version 12.00
# Visual Studio Version 16
VisualStudioVersion = 16.0.30503.244
MinimumVisualStudioVersion = 10.0.40219.1
Project("{9A19103F-16F7-4668-BE54-9A1E7A4F7556}") = "1.ValidUsernames", "1.ValidUsernames\1.ValidUsernames.csproj", "{139EA978-9F0F-4990-95F3-D1ADA34A3759}"
EndProject
Project("{FAE04EC0-301F-11D3-BF4B-00C04F79EFBC}") = "2.CharacterMultiplier", "2.CharacterMultiplier\2.CharacterMultiplier.csproj", "{38BE4E3C-D32E-40EE-94BD-94741D523C1D}"
EndProject
Project("{FAE04EC0-301F-11D3-BF4B-00C04F79EFBC}") = "3.ExtractFile", "3.ExtractFile\3.ExtractFile.csproj", "{4E50F17B-E927-4122-AEEC-D10C90A4933C}"
EndProject
Project("{FAE04EC0-301F-11D3-BF4B-00C04F79EFBC}") = "4.CaesarCipher", "4.CaesarCipher\4.CaesarCipher.csproj", "{06E41DDA-05E4-4628-A732-1D715174D04B}"
EndProject
Project("{FAE04EC0-301F-11D3-BF4B-00C04F79EFBC}") = "5.MultiplyBigNumber", "5.MultiplyBigNumber\5.MultiplyBigNumber.csproj", "{D14C3AAC-2D88-4F6D-BC00-5FB9C6B19A0C}"
EndProject
Global
	GlobalSection(SolutionConfigurationPlatforms) = preSolution
		Debug|Any CPU = Debug|Any CPU
		Release|Any CPU = Release|Any CPU
	EndGlobalSection
	GlobalSection(ProjectConfigurationPlatforms) = postSolution
		{139EA978-9F0F-4990-95F3-D1ADA34A3759}.Debug|Any CPU.ActiveCfg = Debug|Any CPU
		{139EA978-9F0F-4990-95F3-D1ADA34A3759}.Debug|Any CPU.Build.0 = Debug|Any CPU
		{139EA978-9F0F-4990-95F3-D1ADA34A3759}.Release|Any CPU.ActiveCfg = Release|Any CPU
		{139EA978-9F0F-4990-95F3-D1ADA34A3759}.Release|Any CPU.Build.0 = Release|Any CPU
		{38BE4E3C-D32E-40EE-94BD-94741D523C1D}.Debug|Any CPU.ActiveCfg = Debug|Any CPU
		{38BE4E3C-D32E-40EE-94BD-94741D523C1D}.Debug|Any CPU.Build.0 = Debug|Any CPU
		{38BE4E3C-D32E-40EE-94BD-94741D523C1D}.Release|Any CPU.ActiveCfg = Release|Any CPU
		{38BE4E3C-D32E-40EE-94BD-94741D523C1D}.Release|Any CPU.Build.0 = Release|Any CPU
		{4E50F17B-E927-4122-AEEC-D10C90A4933C}.Debug|Any CPU.ActiveCfg = Debug|Any CPU
		{4E50F17B-E927-4122-AEEC-D10C90A4933C}.Debug|Any CPU.Build.0 = Debug|Any CPU
		{4E50F17B-E927-4122-AEEC-D10C90A4933C}.Release|Any CPU.ActiveCfg = Release|Any CPU
		{4E50F17B-E927-4122-AEEC-D10C90A4933C}.Release|Any CPU.Build.0 = Release|Any CPU
		{06E41DDA-05E4-4628-A732-1D715174D04B}.Debug|Any CPU.ActiveCfg = Debug|Any CPU
		{06E41DDA-05E4-4628-A732-1D715174D04B}.Debug|Any CPU.Build.0 = Debug|Any CPU
		{06E41DDA-05E4-4628-A732-1D715174D04B}.Release|Any CPU.ActiveCfg = Release|Any CPU
		{06E41DDA-05E4-4628-A732-1D715174D04B}.Release|Any CPU.Build.0 = Release|Any CPU
		{D14C3AAC-2D88-4F6D-BC00-5FB9C6B19A0C}.Debug|Any CPU.ActiveCfg = Debug|Any CPU
		{D14C3AAC-2D88-4F6D-BC00-5FB9C6B19A0C}.Debug|Any CPU.Build.0 = Debug|Any CPU
		{D14C3AAC-2D88-4F6D-BC00-5FB9C6B19A0C}.Release|Any CPU.ActiveCfg = Release|Any CPU
		{D14C3AAC-2D88-4F6D-BC00-5FB9C6B19A0C}.Release|Any CPU.Build.0 = Release|Any CPU
	EndGlobalSection
	GlobalSection(SolutionProperties) = preSolution
		HideSolutionNode = FALSE
	EndGlobalSection
	GlobalSection(ExtensibilityGlobals) = postSolution
		SolutionGuid = {8581D096-8A73-442A-B949-A819B1891A7B}
	EndGlobalSection
EndGlobal
