
Microsoft Visual Studio Solution File, Format Version 12.00
# Visual Studio Version 16
VisualStudioVersion = 16.0.30503.244
MinimumVisualStudioVersion = 10.0.40219.1
Project("{FAE04EC0-301F-11D3-BF4B-00C04F79EFBC}") = "MidExam21", "MidExam21\MidExam21.csproj", "{4C89F3E8-0DA9-4294-8E66-EE3C182130B9}"
EndProject
Project("{FAE04EC0-301F-11D3-BF4B-00C04F79EFBC}") = "Problem2", "Problem2\Problem2.csproj", "{7EEEA946-D6D8-4BFC-BDD9-DFF76EB81D31}"
EndProject
Project("{FAE04EC0-301F-11D3-BF4B-00C04F79EFBC}") = "Problem3", "Problem3\Problem3.csproj", "{F5545F80-B000-46DB-AB94-D6236F23861F}"
EndProject
Global
	GlobalSection(SolutionConfigurationPlatforms) = preSolution
		Debug|Any CPU = Debug|Any CPU
		Release|Any CPU = Release|Any CPU
	EndGlobalSection
	GlobalSection(ProjectConfigurationPlatforms) = postSolution
		{4C89F3E8-0DA9-4294-8E66-EE3C182130B9}.Debug|Any CPU.ActiveCfg = Debug|Any CPU
		{4C89F3E8-0DA9-4294-8E66-EE3C182130B9}.Debug|Any CPU.Build.0 = Debug|Any CPU
		{4C89F3E8-0DA9-4294-8E66-EE3C182130B9}.Release|Any CPU.ActiveCfg = Release|Any CPU
		{4C89F3E8-0DA9-4294-8E66-EE3C182130B9}.Release|Any CPU.Build.0 = Release|Any CPU
		{7EEEA946-D6D8-4BFC-BDD9-DFF76EB81D31}.Debug|Any CPU.ActiveCfg = Debug|Any CPU
		{7EEEA946-D6D8-4BFC-BDD9-DFF76EB81D31}.Debug|Any CPU.Build.0 = Debug|Any CPU
		{7EEEA946-D6D8-4BFC-BDD9-DFF76EB81D31}.Release|Any CPU.ActiveCfg = Release|Any CPU
		{7EEEA946-D6D8-4BFC-BDD9-DFF76EB81D31}.Release|Any CPU.Build.0 = Release|Any CPU
		{F5545F80-B000-46DB-AB94-D6236F23861F}.Debug|Any CPU.ActiveCfg = Debug|Any CPU
		{F5545F80-B000-46DB-AB94-D6236F23861F}.Debug|Any CPU.Build.0 = Debug|Any CPU
		{F5545F80-B000-46DB-AB94-D6236F23861F}.Release|Any CPU.ActiveCfg = Release|Any CPU
		{F5545F80-B000-46DB-AB94-D6236F23861F}.Release|Any CPU.Build.0 = Release|Any CPU
	EndGlobalSection
	GlobalSection(SolutionProperties) = preSolution
		HideSolutionNode = FALSE
	EndGlobalSection
	GlobalSection(ExtensibilityGlobals) = postSolution
		SolutionGuid = {0A794AD4-CA30-48C4-A7DA-9A8D0A227CB9}
	EndGlobalSection
EndGlobal
