
Microsoft Visual Studio Solution File, Format Version 12.00
# Visual Studio Version 16
VisualStudioVersion = 16.0.31402.337
MinimumVisualStudioVersion = 10.0.40219.1
Project("{FAE04EC0-301F-11D3-BF4B-00C04F79EFBC}") = "01.WarmWinter", "01.WarmWinter\01.WarmWinter.csproj", "{36B441BC-FB07-4B2D-AB03-011102201899}"
EndProject
Project("{FAE04EC0-301F-11D3-BF4B-00C04F79EFBC}") = "02.SuperMario", "02.SuperMario\02.SuperMario.csproj", "{57652DCF-0EA6-44D9-AC19-01CF25049104}"
EndProject
Global
	GlobalSection(SolutionConfigurationPlatforms) = preSolution
		Debug|Any CPU = Debug|Any CPU
		Release|Any CPU = Release|Any CPU
	EndGlobalSection
	GlobalSection(ProjectConfigurationPlatforms) = postSolution
		{36B441BC-FB07-4B2D-AB03-011102201899}.Debug|Any CPU.ActiveCfg = Debug|Any CPU
		{36B441BC-FB07-4B2D-AB03-011102201899}.Debug|Any CPU.Build.0 = Debug|Any CPU
		{36B441BC-FB07-4B2D-AB03-011102201899}.Release|Any CPU.ActiveCfg = Release|Any CPU
		{36B441BC-FB07-4B2D-AB03-011102201899}.Release|Any CPU.Build.0 = Release|Any CPU
		{57652DCF-0EA6-44D9-AC19-01CF25049104}.Debug|Any CPU.ActiveCfg = Debug|Any CPU
		{57652DCF-0EA6-44D9-AC19-01CF25049104}.Debug|Any CPU.Build.0 = Debug|Any CPU
		{57652DCF-0EA6-44D9-AC19-01CF25049104}.Release|Any CPU.ActiveCfg = Release|Any CPU
		{57652DCF-0EA6-44D9-AC19-01CF25049104}.Release|Any CPU.Build.0 = Release|Any CPU
	EndGlobalSection
	GlobalSection(SolutionProperties) = preSolution
		HideSolutionNode = FALSE
	EndGlobalSection
	GlobalSection(ExtensibilityGlobals) = postSolution
		SolutionGuid = {BF34D3C5-597B-40A8-914E-D513E3828808}
	EndGlobalSection
EndGlobal
