
Microsoft Visual Studio Solution File, Format Version 12.00
# Visual Studio Version 16
VisualStudioVersion = 16.0.30503.244
MinimumVisualStudioVersion = 10.0.40219.1
Project("{FAE04EC0-301F-11D3-BF4B-00C04F79EFBC}") = "1.Ranking", "ConsoleApp1\1.Ranking.csproj", "{64D14B9A-DAF6-4984-94E4-BA3AB8E035B6}"
EndProject
Project("{FAE04EC0-301F-11D3-BF4B-00C04F79EFBC}") = "2.Judge", "2.Judge\2.Judge.csproj", "{19BCC5D0-6BE6-429B-B8B8-4B5FDC5766AE}"
EndProject
Project("{FAE04EC0-301F-11D3-BF4B-00C04F79EFBC}") = "3.MOBAChallenger", "3.MOBAChallenger\3.MOBAChallenger.csproj", "{254BE2E6-33AF-4DA4-BAED-75B2ACCADA97}"
EndProject
Project("{FAE04EC0-301F-11D3-BF4B-00C04F79EFBC}") = "4.Snowwhite", "4.Snowwhite\4.Snowwhite.csproj", "{6BB53426-73E8-46A8-9A3F-FFD22A10552C}"
EndProject
Project("{FAE04EC0-301F-11D3-BF4B-00C04F79EFBC}") = "5.DragonArmy", "5.DragonArmy\5.DragonArmy.csproj", "{CCEBD36F-DAB7-4A80-837B-6885F0CB85E9}"
EndProject
Global
	GlobalSection(SolutionConfigurationPlatforms) = preSolution
		Debug|Any CPU = Debug|Any CPU
		Release|Any CPU = Release|Any CPU
	EndGlobalSection
	GlobalSection(ProjectConfigurationPlatforms) = postSolution
		{64D14B9A-DAF6-4984-94E4-BA3AB8E035B6}.Debug|Any CPU.ActiveCfg = Debug|Any CPU
		{64D14B9A-DAF6-4984-94E4-BA3AB8E035B6}.Debug|Any CPU.Build.0 = Debug|Any CPU
		{64D14B9A-DAF6-4984-94E4-BA3AB8E035B6}.Release|Any CPU.ActiveCfg = Release|Any CPU
		{64D14B9A-DAF6-4984-94E4-BA3AB8E035B6}.Release|Any CPU.Build.0 = Release|Any CPU
		{19BCC5D0-6BE6-429B-B8B8-4B5FDC5766AE}.Debug|Any CPU.ActiveCfg = Debug|Any CPU
		{19BCC5D0-6BE6-429B-B8B8-4B5FDC5766AE}.Debug|Any CPU.Build.0 = Debug|Any CPU
		{19BCC5D0-6BE6-429B-B8B8-4B5FDC5766AE}.Release|Any CPU.ActiveCfg = Release|Any CPU
		{19BCC5D0-6BE6-429B-B8B8-4B5FDC5766AE}.Release|Any CPU.Build.0 = Release|Any CPU
		{254BE2E6-33AF-4DA4-BAED-75B2ACCADA97}.Debug|Any CPU.ActiveCfg = Debug|Any CPU
		{254BE2E6-33AF-4DA4-BAED-75B2ACCADA97}.Debug|Any CPU.Build.0 = Debug|Any CPU
		{254BE2E6-33AF-4DA4-BAED-75B2ACCADA97}.Release|Any CPU.ActiveCfg = Release|Any CPU
		{254BE2E6-33AF-4DA4-BAED-75B2ACCADA97}.Release|Any CPU.Build.0 = Release|Any CPU
		{6BB53426-73E8-46A8-9A3F-FFD22A10552C}.Debug|Any CPU.ActiveCfg = Debug|Any CPU
		{6BB53426-73E8-46A8-9A3F-FFD22A10552C}.Debug|Any CPU.Build.0 = Debug|Any CPU
		{6BB53426-73E8-46A8-9A3F-FFD22A10552C}.Release|Any CPU.ActiveCfg = Release|Any CPU
		{6BB53426-73E8-46A8-9A3F-FFD22A10552C}.Release|Any CPU.Build.0 = Release|Any CPU
		{CCEBD36F-DAB7-4A80-837B-6885F0CB85E9}.Debug|Any CPU.ActiveCfg = Debug|Any CPU
		{CCEBD36F-DAB7-4A80-837B-6885F0CB85E9}.Debug|Any CPU.Build.0 = Debug|Any CPU
		{CCEBD36F-DAB7-4A80-837B-6885F0CB85E9}.Release|Any CPU.ActiveCfg = Release|Any CPU
		{CCEBD36F-DAB7-4A80-837B-6885F0CB85E9}.Release|Any CPU.Build.0 = Release|Any CPU
	EndGlobalSection
	GlobalSection(SolutionProperties) = preSolution
		HideSolutionNode = FALSE
	EndGlobalSection
	GlobalSection(ExtensibilityGlobals) = postSolution
		SolutionGuid = {E75CA6FA-19E4-4E0B-BE0C-6C945D0CC3CE}
	EndGlobalSection
EndGlobal
