
Microsoft Visual Studio Solution File, Format Version 12.00
# Visual Studio Version 16
VisualStudioVersion = 16.0.31112.23
MinimumVisualStudioVersion = 10.0.40219.1
Project("{FAE04EC0-301F-11D3-BF4B-00C04F79EFBC}") = "Problem1.ActivationKeys", "Problem1.ActivationKeys\Problem1.ActivationKeys.csproj", "{B647E5F9-14CA-4023-BC02-09E2B0E4A4BD}"
EndProject
Global
	GlobalSection(SolutionConfigurationPlatforms) = preSolution
		Debug|Any CPU = Debug|Any CPU
		Release|Any CPU = Release|Any CPU
	EndGlobalSection
	GlobalSection(ProjectConfigurationPlatforms) = postSolution
		{B647E5F9-14CA-4023-BC02-09E2B0E4A4BD}.Debug|Any CPU.ActiveCfg = Debug|Any CPU
		{B647E5F9-14CA-4023-BC02-09E2B0E4A4BD}.Debug|Any CPU.Build.0 = Debug|Any CPU
		{B647E5F9-14CA-4023-BC02-09E2B0E4A4BD}.Release|Any CPU.ActiveCfg = Release|Any CPU
		{B647E5F9-14CA-4023-BC02-09E2B0E4A4BD}.Release|Any CPU.Build.0 = Release|Any CPU
	EndGlobalSection
	GlobalSection(SolutionProperties) = preSolution
		HideSolutionNode = FALSE
	EndGlobalSection
	GlobalSection(ExtensibilityGlobals) = postSolution
		SolutionGuid = {24920600-9261-47A7-9E89-A40D14CB0170}
	EndGlobalSection
EndGlobal
