
Microsoft Visual Studio Solution File, Format Version 12.00
# Visual Studio Version 16
VisualStudioVersion = 16.0.31402.337
MinimumVisualStudioVersion = 10.0.40219.1
Project("{FAE04EC0-301F-11D3-BF4B-00C04F79EFBC}") = "01.Shapes", "01.Shapes\01.Shapes.csproj", "{F6BA71B7-753F-4EE8-A752-7F747458C8FB}"
EndProject
Project("{FAE04EC0-301F-11D3-BF4B-00C04F79EFBC}") = "02.Cars", "Cars\02.Cars.csproj", "{2BCFA295-9249-4742-BF19-F700B0266523}"
EndProject
Global
	GlobalSection(SolutionConfigurationPlatforms) = preSolution
		Debug|Any CPU = Debug|Any CPU
		Release|Any CPU = Release|Any CPU
	EndGlobalSection
	GlobalSection(ProjectConfigurationPlatforms) = postSolution
		{F6BA71B7-753F-4EE8-A752-7F747458C8FB}.Debug|Any CPU.ActiveCfg = Debug|Any CPU
		{F6BA71B7-753F-4EE8-A752-7F747458C8FB}.Debug|Any CPU.Build.0 = Debug|Any CPU
		{F6BA71B7-753F-4EE8-A752-7F747458C8FB}.Release|Any CPU.ActiveCfg = Release|Any CPU
		{F6BA71B7-753F-4EE8-A752-7F747458C8FB}.Release|Any CPU.Build.0 = Release|Any CPU
		{2BCFA295-9249-4742-BF19-F700B0266523}.Debug|Any CPU.ActiveCfg = Debug|Any CPU
		{2BCFA295-9249-4742-BF19-F700B0266523}.Debug|Any CPU.Build.0 = Debug|Any CPU
		{2BCFA295-9249-4742-BF19-F700B0266523}.Release|Any CPU.ActiveCfg = Release|Any CPU
		{2BCFA295-9249-4742-BF19-F700B0266523}.Release|Any CPU.Build.0 = Release|Any CPU
	EndGlobalSection
	GlobalSection(SolutionProperties) = preSolution
		HideSolutionNode = FALSE
	EndGlobalSection
	GlobalSection(ExtensibilityGlobals) = postSolution
		SolutionGuid = {F1FDD907-F831-474C-AC08-FCD53EAE5AF1}
	EndGlobalSection
EndGlobal
