
Microsoft Visual Studio Solution File, Format Version 12.00
# Visual Studio Version 16
VisualStudioVersion = 16.0.31112.23
MinimumVisualStudioVersion = 10.0.40219.1
Project("{9A19103F-16F7-4668-BE54-9A1E7A4F7556}") = "01.Problem", "01.Problem\01.Problem.csproj", "{09BE8519-98CC-455D-B2B8-32488D25FE82}"
EndProject
Project("{9A19103F-16F7-4668-BE54-9A1E7A4F7556}") = "02.Problem", "02.Problem\02.Problem.csproj", "{4D5848DC-F5E2-4790-8025-DFCB339BEED2}"
EndProject
Project("{9A19103F-16F7-4668-BE54-9A1E7A4F7556}") = "03.Problem", "03.Problem\03.Problem.csproj", "{AA5E9F4D-433E-4365-9B89-98DC3C856E5A}"
EndProject
Global
	GlobalSection(SolutionConfigurationPlatforms) = preSolution
		Debug|Any CPU = Debug|Any CPU
		Release|Any CPU = Release|Any CPU
	EndGlobalSection
	GlobalSection(ProjectConfigurationPlatforms) = postSolution
		{09BE8519-98CC-455D-B2B8-32488D25FE82}.Debug|Any CPU.ActiveCfg = Debug|Any CPU
		{09BE8519-98CC-455D-B2B8-32488D25FE82}.Debug|Any CPU.Build.0 = Debug|Any CPU
		{09BE8519-98CC-455D-B2B8-32488D25FE82}.Release|Any CPU.ActiveCfg = Release|Any CPU
		{09BE8519-98CC-455D-B2B8-32488D25FE82}.Release|Any CPU.Build.0 = Release|Any CPU
		{4D5848DC-F5E2-4790-8025-DFCB339BEED2}.Debug|Any CPU.ActiveCfg = Debug|Any CPU
		{4D5848DC-F5E2-4790-8025-DFCB339BEED2}.Debug|Any CPU.Build.0 = Debug|Any CPU
		{4D5848DC-F5E2-4790-8025-DFCB339BEED2}.Release|Any CPU.ActiveCfg = Release|Any CPU
		{4D5848DC-F5E2-4790-8025-DFCB339BEED2}.Release|Any CPU.Build.0 = Release|Any CPU
		{AA5E9F4D-433E-4365-9B89-98DC3C856E5A}.Debug|Any CPU.ActiveCfg = Debug|Any CPU
		{AA5E9F4D-433E-4365-9B89-98DC3C856E5A}.Debug|Any CPU.Build.0 = Debug|Any CPU
		{AA5E9F4D-433E-4365-9B89-98DC3C856E5A}.Release|Any CPU.ActiveCfg = Release|Any CPU
		{AA5E9F4D-433E-4365-9B89-98DC3C856E5A}.Release|Any CPU.Build.0 = Release|Any CPU
	EndGlobalSection
	GlobalSection(SolutionProperties) = preSolution
		HideSolutionNode = FALSE
	EndGlobalSection
	GlobalSection(ExtensibilityGlobals) = postSolution
		SolutionGuid = {9CDF3860-7AB3-4FEC-86B5-6EAADD7D9D6A}
	EndGlobalSection
EndGlobal
